{
    "_readme": [
        "This file locks the dependencies of your project to a known state",
        "Read more about it at http://getcomposer.org/doc/01-basic-usage.md#composer-lock-the-lock-file"
    ],
    "hash": "6ab79f9b8c2bcd0a6143dfa655328fbe",
    "packages": [
        {
            "name": "phalcon/incubator",
            "version": "1.2.4",
            "source": {
                "type": "git",
                "url": "https://github.com/phalcon/incubator.git",
                "reference": "66f42f9f8c45542388f69d278f928cbc4130e487"
            },
            "dist": {
                "type": "zip",
                "url": "https://api.github.com/repos/phalcon/incubator/zipball/66f42f9f8c45542388f69d278f928cbc4130e487",
                "reference": "66f42f9f8c45542388f69d278f928cbc4130e487",
                "shasum": ""
            },
            "require": {
                "ext-phalcon": "1.2.4",
                "php": ">=5.3.6"
            },
            "type": "library",
            "autoload": {
                "psr-0": {
                    "Phalcon": "Library/"
                }
            },
            "notification-url": "https://packagist.org/downloads/",
            "license": [
                "BSD-3"
            ],
            "authors": [
                {
                    "name": "Phalcon Team",
                    "email": "team@phalconphp.com"
                }
            ],
            "description": "Adapters, prototypes or functionality that can be potentially incorporated to the C-framework.",
            "homepage": "http://phalconphp.com",
            "keywords": [
                "framework",
                "phalcon"
            ],
            "time": "2013-11-27 13:07:11"
        }
    ],
    "packages-dev": [

    ],
    "aliases": [

    ],
    "minimum-stability": "stable",
    "stability-flags": [

    ],
    "platform": {
        "php": ">=5.4",
        "ext-phalcon": "1.2.4"
    },
    "platform-dev": [

    ]
}
